// !$*UTF8*$!
{
	archiveVersion = 1;
	classes = {
	};
	objectVersion = 50;
	objects = {

/* Begin PBXBuildFile section */
		181235E699C6D8BEBF619F8C /* Pods_AwesomeNewsAppTests.framework in Frameworks */ = {isa = PBXBuildFile; fileRef = AE40681BEB870F4B055D714A /* Pods_AwesomeNewsAppTests.framework */; };
		8290CCB7DE7201ED9BE5AC9E /* Pods_AwesomeNewsApp.framework in Frameworks */ = {isa = PBXBuildFile; fileRef = 0CD6F2768F819D4BFC26D727 /* Pods_AwesomeNewsApp.framework */; };
		8C53F4B920DF3E48002B6E91 /* NewsItemViewModel.swift in Sources */ = {isa = PBXBuildFile; fileRef = 8C53F4B820DF3E48002B6E91 /* NewsItemViewModel.swift */; };
		8C53F4BB20DF4070002B6E91 /* NewsItemViewModelTests.swift in Sources */ = {isa = PBXBuildFile; fileRef = 8C53F4BA20DF4070002B6E91 /* NewsItemViewModelTests.swift */; };
		8C55079020DDC28700E8776C /* NewsListViewController.swift in Sources */ = {isa = PBXBuildFile; fileRef = 8C55078F20DDC28700E8776C /* NewsListViewController.swift */; };
		8C55079520DDC28800E8776C /* Assets.xcassets in Resources */ = {isa = PBXBuildFile; fileRef = 8C55079420DDC28800E8776C /* Assets.xcassets */; };
		8C5507AE20DDC28800E8776C /* AwesomeNewsAppUITests.swift in Sources */ = {isa = PBXBuildFile; fileRef = 8C5507AD20DDC28800E8776C /* AwesomeNewsAppUITests.swift */; };
		8C5507DE20DDCE3400E8776C /* Main.storyboard in Resources */ = {isa = PBXBuildFile; fileRef = 8C5507DC20DDCE3400E8776C /* Main.storyboard */; };
		8C5507DF20DDCE3400E8776C /* LaunchScreen.storyboard in Resources */ = {isa = PBXBuildFile; fileRef = 8C5507DD20DDCE3400E8776C /* LaunchScreen.storyboard */; };
		8C5507F120DDD1D300E8776C /* Info.plist in Resources */ = {isa = PBXBuildFile; fileRef = 8C5507EF20DDD1D300E8776C /* Info.plist */; };
		8C5507F220DDD1D300E8776C /* AppDelegate.swift in Sources */ = {isa = PBXBuildFile; fileRef = 8C5507F020DDD1D300E8776C /* AppDelegate.swift */; };
		8C6052E220E0CF08006F838A /* NewsDetailViewModel.swift in Sources */ = {isa = PBXBuildFile; fileRef = 8C6052E120E0CF08006F838A /* NewsDetailViewModel.swift */; };
		8C6052E620E1BF29006F838A /* NewsSearchViewController.swift in Sources */ = {isa = PBXBuildFile; fileRef = 8C6052E520E1BF29006F838A /* NewsSearchViewController.swift */; };
		8C6052E820E1BFF4006F838A /* NewsSearchViewModel.swift in Sources */ = {isa = PBXBuildFile; fileRef = 8C6052E720E1BFF4006F838A /* NewsSearchViewModel.swift */; };
		8C6052EA20E1C37E006F838A /* NewsSearchViewModelTests.swift in Sources */ = {isa = PBXBuildFile; fileRef = 8C6052E920E1C37E006F838A /* NewsSearchViewModelTests.swift */; };
		8C6BC10920DFC67E0086DAE5 /* NewsListItemCell.swift in Sources */ = {isa = PBXBuildFile; fileRef = 8C6BC10720DFC67E0086DAE5 /* NewsListItemCell.swift */; };
		8C6BC10A20DFC67E0086DAE5 /* NewsListItemCell.xib in Resources */ = {isa = PBXBuildFile; fileRef = 8C6BC10820DFC67E0086DAE5 /* NewsListItemCell.xib */; };
		8CA7B4A520E1E524000F42AF /* GoogleService-Info.plist in Resources */ = {isa = PBXBuildFile; fileRef = 8CA7B4A420E1E524000F42AF /* GoogleService-Info.plist */; };
		8CA7B4A920E26986000F42AF /* FirebaseManager.swift in Sources */ = {isa = PBXBuildFile; fileRef = 8CA7B4A820E26986000F42AF /* FirebaseManager.swift */; };
		8CB4D40E20DE42AA0069AB9A /* NewsDetailViewController.swift in Sources */ = {isa = PBXBuildFile; fileRef = 8CB4D40D20DE42AA0069AB9A /* NewsDetailViewController.swift */; };
		8CB4D41120DF12950069AB9A /* NewsListViewModel.swift in Sources */ = {isa = PBXBuildFile; fileRef = 8CB4D41020DF12950069AB9A /* NewsListViewModel.swift */; };
		8CB4D41320DF25900069AB9A /* NewsListViewModelTests.swift in Sources */ = {isa = PBXBuildFile; fileRef = 8CB4D41220DF25900069AB9A /* NewsListViewModelTests.swift */; };
		8CF74C7920DDE27900B81F1F /* NewsClientTests.swift in Sources */ = {isa = PBXBuildFile; fileRef = 8CF74C7820DDE27900B81F1F /* NewsClientTests.swift */; };
		8CF74C7C20DDE44600B81F1F /* NewsClient.swift in Sources */ = {isa = PBXBuildFile; fileRef = 8CF74C7B20DDE44600B81F1F /* NewsClient.swift */; };
		8CF74C7E20DDEA3800B81F1F /* NewsItem.swift in Sources */ = {isa = PBXBuildFile; fileRef = 8CF74C7D20DDEA3800B81F1F /* NewsItem.swift */; };
		8CF74C8020DDEA9100B81F1F /* NewsSource.swift in Sources */ = {isa = PBXBuildFile; fileRef = 8CF74C7F20DDEA9100B81F1F /* NewsSource.swift */; };
		8CF74C8220DDEB8B00B81F1F /* NewsList.swift in Sources */ = {isa = PBXBuildFile; fileRef = 8CF74C8120DDEB8B00B81F1F /* NewsList.swift */; };
		8CF74C8420DDF92400B81F1F /* EverythingRequestParametersTest.swift in Sources */ = {isa = PBXBuildFile; fileRef = 8CF74C8320DDF92400B81F1F /* EverythingRequestParametersTest.swift */; };
		8CF74C8620DDF97E00B81F1F /* EverythingRequestParametersRequestParameters.swift in Sources */ = {isa = PBXBuildFile; fileRef = 8CF74C8520DDF97E00B81F1F /* EverythingRequestParametersRequestParameters.swift */; };
/* End PBXBuildFile section */

/* Begin PBXContainerItemProxy section */
		8C55079F20DDC28800E8776C /* PBXContainerItemProxy */ = {
			isa = PBXContainerItemProxy;
			containerPortal = 8C55078220DDC28700E8776C /* Project object */;
			proxyType = 1;
			remoteGlobalIDString = 8C55078920DDC28700E8776C;
			remoteInfo = AwesomeNewsApp;
		};
		8C5507AA20DDC28800E8776C /* PBXContainerItemProxy */ = {
			isa = PBXContainerItemProxy;
			containerPortal = 8C55078220DDC28700E8776C /* Project object */;
			proxyType = 1;
			remoteGlobalIDString = 8C55078920DDC28700E8776C;
			remoteInfo = AwesomeNewsApp;
		};
/* End PBXContainerItemProxy section */

/* Begin PBXFileReference section */
		0CD6F2768F819D4BFC26D727 /* Pods_AwesomeNewsApp.framework */ = {isa = PBXFileReference; explicitFileType = wrapper.framework; includeInIndex = 0; path = Pods_AwesomeNewsApp.framework; sourceTree = BUILT_PRODUCTS_DIR; };
		299A554749B601E3149C29EE /* Pods-AwesomeNewsApp.debug.xcconfig */ = {isa = PBXFileReference; includeInIndex = 1; lastKnownFileType = text.xcconfig; name = "Pods-AwesomeNewsApp.debug.xcconfig"; path = "Pods/Target Support Files/Pods-AwesomeNewsApp/Pods-AwesomeNewsApp.debug.xcconfig"; sourceTree = "<group>"; };
		6534B4446C2E454F0D74DF56 /* Pods-AwesomeNewsApp.release.xcconfig */ = {isa = PBXFileReference; includeInIndex = 1; lastKnownFileType = text.xcconfig; name = "Pods-AwesomeNewsApp.release.xcconfig"; path = "Pods/Target Support Files/Pods-AwesomeNewsApp/Pods-AwesomeNewsApp.release.xcconfig"; sourceTree = "<group>"; };
		8C53F4B820DF3E48002B6E91 /* NewsItemViewModel.swift */ = {isa = PBXFileReference; lastKnownFileType = sourcecode.swift; path = NewsItemViewModel.swift; sourceTree = "<group>"; };
		8C53F4BA20DF4070002B6E91 /* NewsItemViewModelTests.swift */ = {isa = PBXFileReference; lastKnownFileType = sourcecode.swift; path = NewsItemViewModelTests.swift; sourceTree = "<group>"; };
		8C55078A20DDC28700E8776C /* AwesomeNewsApp.app */ = {isa = PBXFileReference; explicitFileType = wrapper.application; includeInIndex = 0; path = AwesomeNewsApp.app; sourceTree = BUILT_PRODUCTS_DIR; };
		8C55078F20DDC28700E8776C /* NewsListViewController.swift */ = {isa = PBXFileReference; lastKnownFileType = sourcecode.swift; path = NewsListViewController.swift; sourceTree = "<group>"; };
		8C55079420DDC28800E8776C /* Assets.xcassets */ = {isa = PBXFileReference; lastKnownFileType = folder.assetcatalog; path = Assets.xcassets; sourceTree = "<group>"; };
		8C55079E20DDC28800E8776C /* AwesomeNewsAppTests.xctest */ = {isa = PBXFileReference; explicitFileType = wrapper.cfbundle; includeInIndex = 0; path = AwesomeNewsAppTests.xctest; sourceTree = BUILT_PRODUCTS_DIR; };
		8C5507A420DDC28800E8776C /* Info.plist */ = {isa = PBXFileReference; lastKnownFileType = text.plist.xml; path = Info.plist; sourceTree = "<group>"; };
		8C5507A920DDC28800E8776C /* AwesomeNewsAppUITests.xctest */ = {isa = PBXFileReference; explicitFileType = wrapper.cfbundle; includeInIndex = 0; path = AwesomeNewsAppUITests.xctest; sourceTree = BUILT_PRODUCTS_DIR; };
		8C5507AD20DDC28800E8776C /* AwesomeNewsAppUITests.swift */ = {isa = PBXFileReference; lastKnownFileType = sourcecode.swift; path = AwesomeNewsAppUITests.swift; sourceTree = "<group>"; };
		8C5507AF20DDC28800E8776C /* Info.plist */ = {isa = PBXFileReference; lastKnownFileType = text.plist.xml; path = Info.plist; sourceTree = "<group>"; };
		8C5507DC20DDCE3400E8776C /* Main.storyboard */ = {isa = PBXFileReference; fileEncoding = 4; lastKnownFileType = file.storyboard; path = Main.storyboard; sourceTree = "<group>"; };
		8C5507DD20DDCE3400E8776C /* LaunchScreen.storyboard */ = {isa = PBXFileReference; fileEncoding = 4; lastKnownFileType = file.storyboard; path = LaunchScreen.storyboard; sourceTree = "<group>"; };
		8C5507EF20DDD1D300E8776C /* Info.plist */ = {isa = PBXFileReference; fileEncoding = 4; lastKnownFileType = text.plist.xml; path = Info.plist; sourceTree = "<group>"; };
		8C5507F020DDD1D300E8776C /* AppDelegate.swift */ = {isa = PBXFileReference; fileEncoding = 4; lastKnownFileType = sourcecode.swift; path = AppDelegate.swift; sourceTree = "<group>"; };
		8C6052E120E0CF08006F838A /* NewsDetailViewModel.swift */ = {isa = PBXFileReference; lastKnownFileType = sourcecode.swift; path = NewsDetailViewModel.swift; sourceTree = "<group>"; };
		8C6052E520E1BF29006F838A /* NewsSearchViewController.swift */ = {isa = PBXFileReference; lastKnownFileType = sourcecode.swift; path = NewsSearchViewController.swift; sourceTree = "<group>"; };
		8C6052E720E1BFF4006F838A /* NewsSearchViewModel.swift */ = {isa = PBXFileReference; lastKnownFileType = sourcecode.swift; path = NewsSearchViewModel.swift; sourceTree = "<group>"; };
		8C6052E920E1C37E006F838A /* NewsSearchViewModelTests.swift */ = {isa = PBXFileReference; lastKnownFileType = sourcecode.swift; path = NewsSearchViewModelTests.swift; sourceTree = "<group>"; };
		8C6BC10720DFC67E0086DAE5 /* NewsListItemCell.swift */ = {isa = PBXFileReference; lastKnownFileType = sourcecode.swift; path = NewsListItemCell.swift; sourceTree = "<group>"; };
		8C6BC10820DFC67E0086DAE5 /* NewsListItemCell.xib */ = {isa = PBXFileReference; lastKnownFileType = file.xib; path = NewsListItemCell.xib; sourceTree = "<group>"; };
		8CA7B4A420E1E524000F42AF /* GoogleService-Info.plist */ = {isa = PBXFileReference; fileEncoding = 4; lastKnownFileType = text.plist.xml; path = "GoogleService-Info.plist"; sourceTree = "<group>"; };
		8CA7B4A620E21E95000F42AF /* AwesomeNewsApp.entitlements */ = {isa = PBXFileReference; lastKnownFileType = text.plist.entitlements; path = AwesomeNewsApp.entitlements; sourceTree = "<group>"; };
		8CA7B4A820E26986000F42AF /* FirebaseManager.swift */ = {isa = PBXFileReference; lastKnownFileType = sourcecode.swift; path = FirebaseManager.swift; sourceTree = "<group>"; };
		8CB4D40D20DE42AA0069AB9A /* NewsDetailViewController.swift */ = {isa = PBXFileReference; lastKnownFileType = sourcecode.swift; path = NewsDetailViewController.swift; sourceTree = "<group>"; };
		8CB4D41020DF12950069AB9A /* NewsListViewModel.swift */ = {isa = PBXFileReference; lastKnownFileType = sourcecode.swift; path = NewsListViewModel.swift; sourceTree = "<group>"; };
		8CB4D41220DF25900069AB9A /* NewsListViewModelTests.swift */ = {isa = PBXFileReference; lastKnownFileType = sourcecode.swift; path = NewsListViewModelTests.swift; sourceTree = "<group>"; };
		8CF74C7820DDE27900B81F1F /* NewsClientTests.swift */ = {isa = PBXFileReference; lastKnownFileType = sourcecode.swift; path = NewsClientTests.swift; sourceTree = "<group>"; };
		8CF74C7B20DDE44600B81F1F /* NewsClient.swift */ = {isa = PBXFileReference; lastKnownFileType = sourcecode.swift; path = NewsClient.swift; sourceTree = "<group>"; };
		8CF74C7D20DDEA3800B81F1F /* NewsItem.swift */ = {isa = PBXFileReference; lastKnownFileType = sourcecode.swift; path = NewsItem.swift; sourceTree = "<group>"; };
		8CF74C7F20DDEA9100B81F1F /* NewsSource.swift */ = {isa = PBXFileReference; lastKnownFileType = sourcecode.swift; path = NewsSource.swift; sourceTree = "<group>"; };
		8CF74C8120DDEB8B00B81F1F /* NewsList.swift */ = {isa = PBXFileReference; lastKnownFileType = sourcecode.swift; path = NewsList.swift; sourceTree = "<group>"; };
		8CF74C8320DDF92400B81F1F /* EverythingRequestParametersTest.swift */ = {isa = PBXFileReference; lastKnownFileType = sourcecode.swift; path = EverythingRequestParametersTest.swift; sourceTree = "<group>"; };
		8CF74C8520DDF97E00B81F1F /* EverythingRequestParametersRequestParameters.swift */ = {isa = PBXFileReference; lastKnownFileType = sourcecode.swift; path = EverythingRequestParametersRequestParameters.swift; sourceTree = "<group>"; };
		92D0728D7FC5564FB13DA4CA /* Pods-AwesomeNewsAppTests.release.xcconfig */ = {isa = PBXFileReference; includeInIndex = 1; lastKnownFileType = text.xcconfig; name = "Pods-AwesomeNewsAppTests.release.xcconfig"; path = "Pods/Target Support Files/Pods-AwesomeNewsAppTests/Pods-AwesomeNewsAppTests.release.xcconfig"; sourceTree = "<group>"; };
		AE40681BEB870F4B055D714A /* Pods_AwesomeNewsAppTests.framework */ = {isa = PBXFileReference; explicitFileType = wrapper.framework; includeInIndex = 0; path = Pods_AwesomeNewsAppTests.framework; sourceTree = BUILT_PRODUCTS_DIR; };
		EA26B3352FED2EE67967F4D8 /* Pods-AwesomeNewsAppTests.debug.xcconfig */ = {isa = PBXFileReference; includeInIndex = 1; lastKnownFileType = text.xcconfig; name = "Pods-AwesomeNewsAppTests.debug.xcconfig"; path = "Pods/Target Support Files/Pods-AwesomeNewsAppTests/Pods-AwesomeNewsAppTests.debug.xcconfig"; sourceTree = "<group>"; };
/* End PBXFileReference section */

/* Begin PBXFrameworksBuildPhase section */
		8C55078720DDC28700E8776C /* Frameworks */ = {
			isa = PBXFrameworksBuildPhase;
			buildActionMask = 2147483647;
			files = (
				8290CCB7DE7201ED9BE5AC9E /* Pods_AwesomeNewsApp.framework in Frameworks */,
			);
			runOnlyForDeploymentPostprocessing = 0;
		};
		8C55079B20DDC28800E8776C /* Frameworks */ = {
			isa = PBXFrameworksBuildPhase;
			buildActionMask = 2147483647;
			files = (
				181235E699C6D8BEBF619F8C /* Pods_AwesomeNewsAppTests.framework in Frameworks */,
			);
			runOnlyForDeploymentPostprocessing = 0;
		};
		8C5507A620DDC28800E8776C /* Frameworks */ = {
			isa = PBXFrameworksBuildPhase;
			buildActionMask = 2147483647;
			files = (
			);
			runOnlyForDeploymentPostprocessing = 0;
		};
/* End PBXFrameworksBuildPhase section */

/* Begin PBXGroup section */
		8C55078120DDC28700E8776C = {
			isa = PBXGroup;
			children = (
				8C55078C20DDC28700E8776C /* AwesomeNewsApp */,
				8C5507A120DDC28800E8776C /* AwesomeNewsAppTests */,
				8C5507AC20DDC28800E8776C /* AwesomeNewsAppUITests */,
				8C55078B20DDC28700E8776C /* Products */,
				A08E0339815CF1047692DB83 /* Pods */,
				E3439A544F95FC56D44D0B7A /* Frameworks */,
			);
			sourceTree = "<group>";
		};
		8C55078B20DDC28700E8776C /* Products */ = {
			isa = PBXGroup;
			children = (
				8C55078A20DDC28700E8776C /* AwesomeNewsApp.app */,
				8C55079E20DDC28800E8776C /* AwesomeNewsAppTests.xctest */,
				8C5507A920DDC28800E8776C /* AwesomeNewsAppUITests.xctest */,
			);
			name = Products;
			sourceTree = "<group>";
		};
		8C55078C20DDC28700E8776C /* AwesomeNewsApp */ = {
			isa = PBXGroup;
			children = (
				8CA7B4A720E26964000F42AF /* Database */,
				8CA7B4A620E21E95000F42AF /* AwesomeNewsApp.entitlements */,
				8CF74C7A20DDE42C00B81F1F /* Networking */,
				8C5507BC20DDC33400E8776C /* NewsDetail */,
				8C5507BB20DDC30B00E8776C /* NewsList */,
				8C5507BE20DDC3C600E8776C /* Resources */,
				8C5507BF20DDC3CF00E8776C /* Storyboards */,
				8C5507EE20DDD19E00E8776C /* SupportingFiles */,
			);
			path = AwesomeNewsApp;
			sourceTree = "<group>";
		};
		8C5507A120DDC28800E8776C /* AwesomeNewsAppTests */ = {
			isa = PBXGroup;
			children = (
				8C5507E520DDCE9900E8776C /* Cases */,
				8C5507C120DDC54900E8776C /* Data */,
				8C5507A420DDC28800E8776C /* Info.plist */,
				8C5507E720DDCEB700E8776C /* Mocks */,
			);
			path = AwesomeNewsAppTests;
			sourceTree = "<group>";
		};
		8C5507AC20DDC28800E8776C /* AwesomeNewsAppUITests */ = {
			isa = PBXGroup;
			children = (
				8C5507E620DDCEA900E8776C /* Cases */,
				8C5507C320DDC55600E8776C /* Data */,
				8C5507AF20DDC28800E8776C /* Info.plist */,
				8C5507E820DDCEBD00E8776C /* Mocks */,
			);
			path = AwesomeNewsAppUITests;
			sourceTree = "<group>";
		};
		8C5507BB20DDC30B00E8776C /* NewsList */ = {
			isa = PBXGroup;
			children = (
				8C5507D920DDCDF300E8776C /* Controllers */,
				8C5507D820DDCDF300E8776C /* Models */,
				8C5507DA20DDCDF300E8776C /* ViewModels */,
				8C5507DB20DDCDF300E8776C /* Views */,
			);
			path = NewsList;
			sourceTree = "<group>";
		};
		8C5507BC20DDC33400E8776C /* NewsDetail */ = {
			isa = PBXGroup;
			children = (
				8C5507D520DDCDD300E8776C /* Controllers */,
				8C5507D620DDCDD300E8776C /* Models */,
				8C5507D420DDCDD300E8776C /* ViewModels */,
				8C5507D720DDCDD300E8776C /* Views */,
			);
			path = NewsDetail;
			sourceTree = "<group>";
		};
		8C5507BE20DDC3C600E8776C /* Resources */ = {
			isa = PBXGroup;
			children = (
				8C55079420DDC28800E8776C /* Assets.xcassets */,
			);
			path = Resources;
			sourceTree = "<group>";
		};
		8C5507BF20DDC3CF00E8776C /* Storyboards */ = {
			isa = PBXGroup;
			children = (
				8C5507DD20DDCE3400E8776C /* LaunchScreen.storyboard */,
				8C5507DC20DDCE3400E8776C /* Main.storyboard */,
			);
			path = Storyboards;
			sourceTree = "<group>";
		};
		8C5507C120DDC54900E8776C /* Data */ = {
			isa = PBXGroup;
			children = (
			);
			path = Data;
			sourceTree = "<group>";
		};
		8C5507C320DDC55600E8776C /* Data */ = {
			isa = PBXGroup;
			children = (
			);
			path = Data;
			sourceTree = "<group>";
		};
		8C5507D420DDCDD300E8776C /* ViewModels */ = {
			isa = PBXGroup;
			children = (
				8C53F4B820DF3E48002B6E91 /* NewsItemViewModel.swift */,
				8C6052E120E0CF08006F838A /* NewsDetailViewModel.swift */,
			);
			path = ViewModels;
			sourceTree = "<group>";
		};
		8C5507D520DDCDD300E8776C /* Controllers */ = {
			isa = PBXGroup;
			children = (
				8CB4D40D20DE42AA0069AB9A /* NewsDetailViewController.swift */,
			);
			path = Controllers;
			sourceTree = "<group>";
		};
		8C5507D620DDCDD300E8776C /* Models */ = {
			isa = PBXGroup;
			children = (
				8CF74C7D20DDEA3800B81F1F /* NewsItem.swift */,
				8CF74C7F20DDEA9100B81F1F /* NewsSource.swift */,
			);
			path = Models;
			sourceTree = "<group>";
		};
		8C5507D720DDCDD300E8776C /* Views */ = {
			isa = PBXGroup;
			children = (
			);
			path = Views;
			sourceTree = "<group>";
		};
		8C5507D820DDCDF300E8776C /* Models */ = {
			isa = PBXGroup;
			children = (
				8CF74C8120DDEB8B00B81F1F /* NewsList.swift */,
			);
			path = Models;
			sourceTree = "<group>";
		};
		8C5507D920DDCDF300E8776C /* Controllers */ = {
			isa = PBXGroup;
			children = (
				8C55078F20DDC28700E8776C /* NewsListViewController.swift */,
				8C6052E520E1BF29006F838A /* NewsSearchViewController.swift */,
			);
			path = Controllers;
			sourceTree = "<group>";
		};
		8C5507DA20DDCDF300E8776C /* ViewModels */ = {
			isa = PBXGroup;
			children = (
				8CB4D41020DF12950069AB9A /* NewsListViewModel.swift */,
				8C6052E720E1BFF4006F838A /* NewsSearchViewModel.swift */,
			);
			path = ViewModels;
			sourceTree = "<group>";
		};
		8C5507DB20DDCDF300E8776C /* Views */ = {
			isa = PBXGroup;
			children = (
				8C6BC10720DFC67E0086DAE5 /* NewsListItemCell.swift */,
				8C6BC10820DFC67E0086DAE5 /* NewsListItemCell.xib */,
			);
			path = Views;
			sourceTree = "<group>";
		};
		8C5507E520DDCE9900E8776C /* Cases */ = {
			isa = PBXGroup;
			children = (
				8CF74C7820DDE27900B81F1F /* NewsClientTests.swift */,
				8CF74C8320DDF92400B81F1F /* EverythingRequestParametersTest.swift */,
				8CB4D41220DF25900069AB9A /* NewsListViewModelTests.swift */,
				8C53F4BA20DF4070002B6E91 /* NewsItemViewModelTests.swift */,
				8C6052E920E1C37E006F838A /* NewsSearchViewModelTests.swift */,
			);
			path = Cases;
			sourceTree = "<group>";
		};
		8C5507E620DDCEA900E8776C /* Cases */ = {
			isa = PBXGroup;
			children = (
				8C5507AD20DDC28800E8776C /* AwesomeNewsAppUITests.swift */,
			);
			path = Cases;
			sourceTree = "<group>";
		};
		8C5507E720DDCEB700E8776C /* Mocks */ = {
			isa = PBXGroup;
			children = (
			);
			path = Mocks;
			sourceTree = "<group>";
		};
		8C5507E820DDCEBD00E8776C /* Mocks */ = {
			isa = PBXGroup;
			children = (
			);
			path = Mocks;
			sourceTree = "<group>";
		};
		8C5507EE20DDD19E00E8776C /* SupportingFiles */ = {
			isa = PBXGroup;
			children = (
				8CA7B4A420E1E524000F42AF /* GoogleService-Info.plist */,
				8C5507F020DDD1D300E8776C /* AppDelegate.swift */,
				8C5507EF20DDD1D300E8776C /* Info.plist */,
			);
			path = SupportingFiles;
			sourceTree = "<group>";
		};
		8CA7B4A720E26964000F42AF /* Database */ = {
			isa = PBXGroup;
			children = (
				8CA7B4A820E26986000F42AF /* FirebaseManager.swift */,
			);
			path = Database;
			sourceTree = "<group>";
		};
		8CF74C7A20DDE42C00B81F1F /* Networking */ = {
			isa = PBXGroup;
			children = (
				8CF74C7B20DDE44600B81F1F /* NewsClient.swift */,
				8CF74C8520DDF97E00B81F1F /* EverythingRequestParametersRequestParameters.swift */,
			);
			path = Networking;
			sourceTree = "<group>";
		};
		A08E0339815CF1047692DB83 /* Pods */ = {
			isa = PBXGroup;
			children = (
				299A554749B601E3149C29EE /* Pods-AwesomeNewsApp.debug.xcconfig */,
				6534B4446C2E454F0D74DF56 /* Pods-AwesomeNewsApp.release.xcconfig */,
				EA26B3352FED2EE67967F4D8 /* Pods-AwesomeNewsAppTests.debug.xcconfig */,
				92D0728D7FC5564FB13DA4CA /* Pods-AwesomeNewsAppTests.release.xcconfig */,
			);
			name = Pods;
			sourceTree = "<group>";
		};
		E3439A544F95FC56D44D0B7A /* Frameworks */ = {
			isa = PBXGroup;
			children = (
				0CD6F2768F819D4BFC26D727 /* Pods_AwesomeNewsApp.framework */,
				AE40681BEB870F4B055D714A /* Pods_AwesomeNewsAppTests.framework */,
			);
			name = Frameworks;
			sourceTree = "<group>";
		};
/* End PBXGroup section */

/* Begin PBXNativeTarget section */
		8C55078920DDC28700E8776C /* AwesomeNewsApp */ = {
			isa = PBXNativeTarget;
			buildConfigurationList = 8C5507B220DDC28800E8776C /* Build configuration list for PBXNativeTarget "AwesomeNewsApp" */;
			buildPhases = (
				9974E921901AF434DA02E4B1 /* [CP] Check Pods Manifest.lock */,
				8C55078620DDC28700E8776C /* Sources */,
				8C55078720DDC28700E8776C /* Frameworks */,
				8C55078820DDC28700E8776C /* Resources */,
				1806C1EFE2EDE1286FF10F8B /* [CP] Embed Pods Frameworks */,
			);
			buildRules = (
			);
			dependencies = (
			);
			name = AwesomeNewsApp;
			productName = AwesomeNewsApp;
			productReference = 8C55078A20DDC28700E8776C /* AwesomeNewsApp.app */;
			productType = "com.apple.product-type.application";
		};
		8C55079D20DDC28800E8776C /* AwesomeNewsAppTests */ = {
			isa = PBXNativeTarget;
			buildConfigurationList = 8C5507B520DDC28800E8776C /* Build configuration list for PBXNativeTarget "AwesomeNewsAppTests" */;
			buildPhases = (
				41C28D47436D6B71DBDCE32F /* [CP] Check Pods Manifest.lock */,
				8C55079A20DDC28800E8776C /* Sources */,
				8C55079B20DDC28800E8776C /* Frameworks */,
				8C55079C20DDC28800E8776C /* Resources */,
				49F660EA1B34F423793CC2B6 /* [CP] Embed Pods Frameworks */,
			);
			buildRules = (
			);
			dependencies = (
				8C5507A020DDC28800E8776C /* PBXTargetDependency */,
			);
			name = AwesomeNewsAppTests;
			productName = AwesomeNewsAppTests;
			productReference = 8C55079E20DDC28800E8776C /* AwesomeNewsAppTests.xctest */;
			productType = "com.apple.product-type.bundle.unit-test";
		};
		8C5507A820DDC28800E8776C /* AwesomeNewsAppUITests */ = {
			isa = PBXNativeTarget;
			buildConfigurationList = 8C5507B820DDC28800E8776C /* Build configuration list for PBXNativeTarget "AwesomeNewsAppUITests" */;
			buildPhases = (
				8C5507A520DDC28800E8776C /* Sources */,
				8C5507A620DDC28800E8776C /* Frameworks */,
				8C5507A720DDC28800E8776C /* Resources */,
			);
			buildRules = (
			);
			dependencies = (
				8C5507AB20DDC28800E8776C /* PBXTargetDependency */,
			);
			name = AwesomeNewsAppUITests;
			productName = AwesomeNewsAppUITests;
			productReference = 8C5507A920DDC28800E8776C /* AwesomeNewsAppUITests.xctest */;
			productType = "com.apple.product-type.bundle.ui-testing";
		};
/* End PBXNativeTarget section */

/* Begin PBXProject section */
		8C55078220DDC28700E8776C /* Project object */ = {
			isa = PBXProject;
			attributes = {
				LastSwiftUpdateCheck = 0940;
				LastUpgradeCheck = 0940;
				ORGANIZATIONNAME = "Yiming Dong";
				TargetAttributes = {
					8C55078920DDC28700E8776C = {
						CreatedOnToolsVersion = 9.4.1;
						SystemCapabilities = {
							com.apple.Keychain = {
								enabled = 1;
							};
						};
					};
					8C55079D20DDC28800E8776C = {
						CreatedOnToolsVersion = 9.4.1;
						TestTargetID = 8C55078920DDC28700E8776C;
					};
					8C5507A820DDC28800E8776C = {
						CreatedOnToolsVersion = 9.4.1;
						TestTargetID = 8C55078920DDC28700E8776C;
					};
				};
			};
			buildConfigurationList = 8C55078520DDC28700E8776C /* Build configuration list for PBXProject "AwesomeNewsApp" */;
			compatibilityVersion = "Xcode 9.3";
			developmentRegion = en;
			hasScannedForEncodings = 0;
			knownRegions = (
				en,
				Base,
			);
			mainGroup = 8C55078120DDC28700E8776C;
			productRefGroup = 8C55078B20DDC28700E8776C /* Products */;
			projectDirPath = "";
			projectRoot = "";
			targets = (
				8C55078920DDC28700E8776C /* AwesomeNewsApp */,
				8C55079D20DDC28800E8776C /* AwesomeNewsAppTests */,
				8C5507A820DDC28800E8776C /* AwesomeNewsAppUITests */,
			);
		};
/* End PBXProject section */

/* Begin PBXResourcesBuildPhase section */
		8C55078820DDC28700E8776C /* Resources */ = {
			isa = PBXResourcesBuildPhase;
			buildActionMask = 2147483647;
			files = (
				8C5507DF20DDCE3400E8776C /* LaunchScreen.storyboard in Resources */,
				8C55079520DDC28800E8776C /* Assets.xcassets in Resources */,
				8C6BC10A20DFC67E0086DAE5 /* NewsListItemCell.xib in Resources */,
				8C5507F120DDD1D300E8776C /* Info.plist in Resources */,
				8C5507DE20DDCE3400E8776C /* Main.storyboard in Resources */,
				8CA7B4A520E1E524000F42AF /* GoogleService-Info.plist in Resources */,
			);
			runOnlyForDeploymentPostprocessing = 0;
		};
		8C55079C20DDC28800E8776C /* Resources */ = {
			isa = PBXResourcesBuildPhase;
			buildActionMask = 2147483647;
			files = (
			);
			runOnlyForDeploymentPostprocessing = 0;
		};
		8C5507A720DDC28800E8776C /* Resources */ = {
			isa = PBXResourcesBuildPhase;
			buildActionMask = 2147483647;
			files = (
			);
			runOnlyForDeploymentPostprocessing = 0;
		};
/* End PBXResourcesBuildPhase section */

/* Begin PBXShellScriptBuildPhase section */
		1806C1EFE2EDE1286FF10F8B /* [CP] Embed Pods Frameworks */ = {
			isa = PBXShellScriptBuildPhase;
			buildActionMask = 2147483647;
			files = (
			);
			inputPaths = (
				"${SRCROOT}/Pods/Target Support Files/Pods-AwesomeNewsApp/Pods-AwesomeNewsApp-frameworks.sh",
				"${BUILT_PRODUCTS_DIR}/Alamofire/Alamofire.framework",
				"${BUILT_PRODUCTS_DIR}/AlamofireImage/AlamofireImage.framework",
				"${BUILT_PRODUCTS_DIR}/AlamofireObjectMapper/AlamofireObjectMapper.framework",
				"${BUILT_PRODUCTS_DIR}/GTMSessionFetcher/GTMSessionFetcher.framework",
				"${BUILT_PRODUCTS_DIR}/GoogleToolboxForMac/GoogleToolboxForMac.framework",
				"${BUILT_PRODUCTS_DIR}/NVActivityIndicatorView/NVActivityIndicatorView.framework",
				"${BUILT_PRODUCTS_DIR}/ObjectMapper/ObjectMapper.framework",
				"${BUILT_PRODUCTS_DIR}/RxCocoa/RxCocoa.framework",
				"${BUILT_PRODUCTS_DIR}/RxSwift/RxSwift.framework",
				"${BUILT_PRODUCTS_DIR}/SnapKit/SnapKit.framework",
				"${BUILT_PRODUCTS_DIR}/Toast-Swift/Toast_Swift.framework",
				"${BUILT_PRODUCTS_DIR}/leveldb-library/leveldb.framework",
				"${BUILT_PRODUCTS_DIR}/nanopb/nanopb.framework",
			);
			name = "[CP] Embed Pods Frameworks";
			outputPaths = (
				"${TARGET_BUILD_DIR}/${FRAMEWORKS_FOLDER_PATH}/Alamofire.framework",
				"${TARGET_BUILD_DIR}/${FRAMEWORKS_FOLDER_PATH}/AlamofireImage.framework",
				"${TARGET_BUILD_DIR}/${FRAMEWORKS_FOLDER_PATH}/AlamofireObjectMapper.framework",
				"${TARGET_BUILD_DIR}/${FRAMEWORKS_FOLDER_PATH}/GTMSessionFetcher.framework",
				"${TARGET_BUILD_DIR}/${FRAMEWORKS_FOLDER_PATH}/GoogleToolboxForMac.framework",
				"${TARGET_BUILD_DIR}/${FRAMEWORKS_FOLDER_PATH}/NVActivityIndicatorView.framework",
				"${TARGET_BUILD_DIR}/${FRAMEWORKS_FOLDER_PATH}/ObjectMapper.framework",
				"${TARGET_BUILD_DIR}/${FRAMEWORKS_FOLDER_PATH}/RxCocoa.framework",
				"${TARGET_BUILD_DIR}/${FRAMEWORKS_FOLDER_PATH}/RxSwift.framework",
				"${TARGET_BUILD_DIR}/${FRAMEWORKS_FOLDER_PATH}/SnapKit.framework",
				"${TARGET_BUILD_DIR}/${FRAMEWORKS_FOLDER_PATH}/Toast_Swift.framework",
				"${TARGET_BUILD_DIR}/${FRAMEWORKS_FOLDER_PATH}/leveldb.framework",
				"${TARGET_BUILD_DIR}/${FRAMEWORKS_FOLDER_PATH}/nanopb.framework",
			);
			runOnlyForDeploymentPostprocessing = 0;
			shellPath = /bin/sh;
			shellScript = "\"${SRCROOT}/Pods/Target Support Files/Pods-AwesomeNewsApp/Pods-AwesomeNewsApp-frameworks.sh\"\n";
			showEnvVarsInLog = 0;
		};
		41C28D47436D6B71DBDCE32F /* [CP] Check Pods Manifest.lock */ = {
			isa = PBXShellScriptBuildPhase;
			buildActionMask = 2147483647;
			files = (
			);
			inputPaths = (
				"${PODS_PODFILE_DIR_PATH}/Podfile.lock",
				"${PODS_ROOT}/Manifest.lock",
			);
			name = "[CP] Check Pods Manifest.lock";
			outputPaths = (
				"$(DERIVED_FILE_DIR)/Pods-AwesomeNewsAppTests-checkManifestLockResult.txt",
			);
			runOnlyForDeploymentPostprocessing = 0;
			shellPath = /bin/sh;
			shellScript = "diff \"${PODS_PODFILE_DIR_PATH}/Podfile.lock\" \"${PODS_ROOT}/Manifest.lock\" > /dev/null\nif [ $? != 0 ] ; then\n    # print error to STDERR\n    echo \"error: The sandbox is not in sync with the Podfile.lock. Run 'pod install' or update your CocoaPods installation.\" >&2\n    exit 1\nfi\n# This output is used by Xcode 'outputs' to avoid re-running this script phase.\necho \"SUCCESS\" > \"${SCRIPT_OUTPUT_FILE_0}\"\n";
			showEnvVarsInLog = 0;
		};
		49F660EA1B34F423793CC2B6 /* [CP] Embed Pods Frameworks */ = {
			isa = PBXShellScriptBuildPhase;
			buildActionMask = 2147483647;
			files = (
			);
			inputPaths = (
				"${SRCROOT}/Pods/Target Support Files/Pods-AwesomeNewsAppTests/Pods-AwesomeNewsAppTests-frameworks.sh",
				"${BUILT_PRODUCTS_DIR}/Alamofire/Alamofire.framework",
				"${BUILT_PRODUCTS_DIR}/AlamofireObjectMapper/AlamofireObjectMapper.framework",
				"${BUILT_PRODUCTS_DIR}/ObjectMapper/ObjectMapper.framework",
				"${BUILT_PRODUCTS_DIR}/RxSwift/RxSwift.framework",
			);
			name = "[CP] Embed Pods Frameworks";
			outputPaths = (
				"${TARGET_BUILD_DIR}/${FRAMEWORKS_FOLDER_PATH}/Alamofire.framework",
				"${TARGET_BUILD_DIR}/${FRAMEWORKS_FOLDER_PATH}/AlamofireObjectMapper.framework",
				"${TARGET_BUILD_DIR}/${FRAMEWORKS_FOLDER_PATH}/ObjectMapper.framework",
				"${TARGET_BUILD_DIR}/${FRAMEWORKS_FOLDER_PATH}/RxSwift.framework",
			);
			runOnlyForDeploymentPostprocessing = 0;
			shellPath = /bin/sh;
			shellScript = "\"${SRCROOT}/Pods/Target Support Files/Pods-AwesomeNewsAppTests/Pods-AwesomeNewsAppTests-frameworks.sh\"\n";
			showEnvVarsInLog = 0;
		};
		9974E921901AF434DA02E4B1 /* [CP] Check Pods Manifest.lock */ = {
			isa = PBXShellScriptBuildPhase;
			buildActionMask = 2147483647;
			files = (
			);
			inputPaths = (
				"${PODS_PODFILE_DIR_PATH}/Podfile.lock",
				"${PODS_ROOT}/Manifest.lock",
			);
			name = "[CP] Check Pods Manifest.lock";
			outputPaths = (
				"$(DERIVED_FILE_DIR)/Pods-AwesomeNewsApp-checkManifestLockResult.txt",
			);
			runOnlyForDeploymentPostprocessing = 0;
			shellPath = /bin/sh;
			shellScript = "diff \"${PODS_PODFILE_DIR_PATH}/Podfile.lock\" \"${PODS_ROOT}/Manifest.lock\" > /dev/null\nif [ $? != 0 ] ; then\n    # print error to STDERR\n    echo \"error: The sandbox is not in sync with the Podfile.lock. Run 'pod install' or update your CocoaPods installation.\" >&2\n    exit 1\nfi\n# This output is used by Xcode 'outputs' to avoid re-running this script phase.\necho \"SUCCESS\" > \"${SCRIPT_OUTPUT_FILE_0}\"\n";
			showEnvVarsInLog = 0;
		};
/* End PBXShellScriptBuildPhase section */

/* Begin PBXSourcesBuildPhase section */
		8C55078620DDC28700E8776C /* Sources */ = {
			isa = PBXSourcesBuildPhase;
			buildActionMask = 2147483647;
			files = (
				8C6052E620E1BF29006F838A /* NewsSearchViewController.swift in Sources */,
				8C6052E220E0CF08006F838A /* NewsDetailViewModel.swift in Sources */,
				8CB4D40E20DE42AA0069AB9A /* NewsDetailViewController.swift in Sources */,
				8CF74C8220DDEB8B00B81F1F /* NewsList.swift in Sources */,
				8C6BC10920DFC67E0086DAE5 /* NewsListItemCell.swift in Sources */,
				8CB4D41120DF12950069AB9A /* NewsListViewModel.swift in Sources */,
				8C5507F220DDD1D300E8776C /* AppDelegate.swift in Sources */,
				8CF74C7E20DDEA3800B81F1F /* NewsItem.swift in Sources */,
				8CF74C8020DDEA9100B81F1F /* NewsSource.swift in Sources */,
				8C6052E820E1BFF4006F838A /* NewsSearchViewModel.swift in Sources */,
				8C53F4B920DF3E48002B6E91 /* NewsItemViewModel.swift in Sources */,
				8CF74C8620DDF97E00B81F1F /* EverythingRequestParametersRequestParameters.swift in Sources */,
				8CA7B4A920E26986000F42AF /* FirebaseManager.swift in Sources */,
				8CF74C7C20DDE44600B81F1F /* NewsClient.swift in Sources */,
				8C55079020DDC28700E8776C /* NewsListViewController.swift in Sources */,
			);
			runOnlyForDeploymentPostprocessing = 0;
		};
		8C55079A20DDC28800E8776C /* Sources */ = {
			isa = PBXSourcesBuildPhase;
			buildActionMask = 2147483647;
			files = (
				8C6052EA20E1C37E006F838A /* NewsSearchViewModelTests.swift in Sources */,
				8CB4D41320DF25900069AB9A /* NewsListViewModelTests.swift in Sources */,
				8CF74C7920DDE27900B81F1F /* NewsClientTests.swift in Sources */,
				8C53F4BB20DF4070002B6E91 /* NewsItemViewModelTests.swift in Sources */,
				8CF74C8420DDF92400B81F1F /* EverythingRequestParametersTest.swift in Sources */,
			);
			runOnlyForDeploymentPostprocessing = 0;
		};
		8C5507A520DDC28800E8776C /* Sources */ = {
			isa = PBXSourcesBuildPhase;
			buildActionMask = 2147483647;
			files = (
				8C5507AE20DDC28800E8776C /* AwesomeNewsAppUITests.swift in Sources */,
			);
			runOnlyForDeploymentPostprocessing = 0;
		};
/* End PBXSourcesBuildPhase section */

/* Begin PBXTargetDependency section */
		8C5507A020DDC28800E8776C /* PBXTargetDependency */ = {
			isa = PBXTargetDependency;
			target = 8C55078920DDC28700E8776C /* AwesomeNewsApp */;
			targetProxy = 8C55079F20DDC28800E8776C /* PBXContainerItemProxy */;
		};
		8C5507AB20DDC28800E8776C /* PBXTargetDependency */ = {
			isa = PBXTargetDependency;
			target = 8C55078920DDC28700E8776C /* AwesomeNewsApp */;
			targetProxy = 8C5507AA20DDC28800E8776C /* PBXContainerItemProxy */;
		};
/* End PBXTargetDependency section */

/* Begin XCBuildConfiguration section */
		8C5507B020DDC28800E8776C /* Debug */ = {
			isa = XCBuildConfiguration;
			buildSettings = {
				ALWAYS_SEARCH_USER_PATHS = NO;
				CLANG_ANALYZER_NONNULL = YES;
				CLANG_ANALYZER_NUMBER_OBJECT_CONVERSION = YES_AGGRESSIVE;
				CLANG_CXX_LANGUAGE_STANDARD = "gnu++14";
				CLANG_CXX_LIBRARY = "libc++";
				CLANG_ENABLE_MODULES = YES;
				CLANG_ENABLE_OBJC_ARC = YES;
				CLANG_ENABLE_OBJC_WEAK = YES;
				CLANG_WARN_BLOCK_CAPTURE_AUTORELEASING = YES;
				CLANG_WARN_BOOL_CONVERSION = YES;
				CLANG_WARN_COMMA = YES;
				CLANG_WARN_CONSTANT_CONVERSION = YES;
				CLANG_WARN_DEPRECATED_OBJC_IMPLEMENTATIONS = YES;
				CLANG_WARN_DIRECT_OBJC_ISA_USAGE = YES_ERROR;
				CLANG_WARN_DOCUMENTATION_COMMENTS = YES;
				CLANG_WARN_EMPTY_BODY = YES;
				CLANG_WARN_ENUM_CONVERSION = YES;
				CLANG_WARN_INFINITE_RECURSION = YES;
				CLANG_WARN_INT_CONVERSION = YES;
				CLANG_WARN_NON_LITERAL_NULL_CONVERSION = YES;
				CLANG_WARN_OBJC_IMPLICIT_RETAIN_SELF = YES;
				CLANG_WARN_OBJC_LITERAL_CONVERSION = YES;
				CLANG_WARN_OBJC_ROOT_CLASS = YES_ERROR;
				CLANG_WARN_RANGE_LOOP_ANALYSIS = YES;
				CLANG_WARN_STRICT_PROTOTYPES = YES;
				CLANG_WARN_SUSPICIOUS_MOVE = YES;
				CLANG_WARN_UNGUARDED_AVAILABILITY = YES_AGGRESSIVE;
				CLANG_WARN_UNREACHABLE_CODE = YES;
				CLANG_WARN__DUPLICATE_METHOD_MATCH = YES;
				CODE_SIGN_IDENTITY = "iPhone Developer";
				COPY_PHASE_STRIP = NO;
				DEBUG_INFORMATION_FORMAT = dwarf;
				ENABLE_STRICT_OBJC_MSGSEND = YES;
				ENABLE_TESTABILITY = YES;
				GCC_C_LANGUAGE_STANDARD = gnu11;
				GCC_DYNAMIC_NO_PIC = NO;
				GCC_NO_COMMON_BLOCKS = YES;
				GCC_OPTIMIZATION_LEVEL = 0;
				GCC_PREPROCESSOR_DEFINITIONS = (
					"DEBUG=1",
					"$(inherited)",
				);
				GCC_WARN_64_TO_32_BIT_CONVERSION = YES;
				GCC_WARN_ABOUT_RETURN_TYPE = YES_ERROR;
				GCC_WARN_UNDECLARED_SELECTOR = YES;
				GCC_WARN_UNINITIALIZED_AUTOS = YES_AGGRESSIVE;
				GCC_WARN_UNUSED_FUNCTION = YES;
				GCC_WARN_UNUSED_VARIABLE = YES;
				IPHONEOS_DEPLOYMENT_TARGET = 11.4;
				MTL_ENABLE_DEBUG_INFO = YES;
				ONLY_ACTIVE_ARCH = YES;
				SDKROOT = iphoneos;
				SWIFT_ACTIVE_COMPILATION_CONDITIONS = DEBUG;
				SWIFT_OPTIMIZATION_LEVEL = "-Onone";
			};
			name = Debug;
		};
		8C5507B120DDC28800E8776C /* Release */ = {
			isa = XCBuildConfiguration;
			buildSettings = {
				ALWAYS_SEARCH_USER_PATHS = NO;
				CLANG_ANALYZER_NONNULL = YES;
				CLANG_ANALYZER_NUMBER_OBJECT_CONVERSION = YES_AGGRESSIVE;
				CLANG_CXX_LANGUAGE_STANDARD = "gnu++14";
				CLANG_CXX_LIBRARY = "libc++";
				CLANG_ENABLE_MODULES = YES;
				CLANG_ENABLE_OBJC_ARC = YES;
				CLANG_ENABLE_OBJC_WEAK = YES;
				CLANG_WARN_BLOCK_CAPTURE_AUTORELEASING = YES;
				CLANG_WARN_BOOL_CONVERSION = YES;
				CLANG_WARN_COMMA = YES;
				CLANG_WARN_CONSTANT_CONVERSION = YES;
				CLANG_WARN_DEPRECATED_OBJC_IMPLEMENTATIONS = YES;
				CLANG_WARN_DIRECT_OBJC_ISA_USAGE = YES_ERROR;
				CLANG_WARN_DOCUMENTATION_COMMENTS = YES;
				CLANG_WARN_EMPTY_BODY = YES;
				CLANG_WARN_ENUM_CONVERSION = YES;
				CLANG_WARN_INFINITE_RECURSION = YES;
				CLANG_WARN_INT_CONVERSION = YES;
				CLANG_WARN_NON_LITERAL_NULL_CONVERSION = YES;
				CLANG_WARN_OBJC_IMPLICIT_RETAIN_SELF = YES;
				CLANG_WARN_OBJC_LITERAL_CONVERSION = YES;
				CLANG_WARN_OBJC_ROOT_CLASS = YES_ERROR;
				CLANG_WARN_RANGE_LOOP_ANALYSIS = YES;
				CLANG_WARN_STRICT_PROTOTYPES = YES;
				CLANG_WARN_SUSPICIOUS_MOVE = YES;
				CLANG_WARN_UNGUARDED_AVAILABILITY = YES_AGGRESSIVE;
				CLANG_WARN_UNREACHABLE_CODE = YES;
				CLANG_WARN__DUPLICATE_METHOD_MATCH = YES;
				CODE_SIGN_IDENTITY = "iPhone Developer";
				COPY_PHASE_STRIP = NO;
				DEBUG_INFORMATION_FORMAT = "dwarf-with-dsym";
				ENABLE_NS_ASSERTIONS = NO;
				ENABLE_STRICT_OBJC_MSGSEND = YES;
				GCC_C_LANGUAGE_STANDARD = gnu11;
				GCC_NO_COMMON_BLOCKS = YES;
				GCC_WARN_64_TO_32_BIT_CONVERSION = YES;
				GCC_WARN_ABOUT_RETURN_TYPE = YES_ERROR;
				GCC_WARN_UNDECLARED_SELECTOR = YES;
				GCC_WARN_UNINITIALIZED_AUTOS = YES_AGGRESSIVE;
				GCC_WARN_UNUSED_FUNCTION = YES;
				GCC_WARN_UNUSED_VARIABLE = YES;
				IPHONEOS_DEPLOYMENT_TARGET = 11.4;
				MTL_ENABLE_DEBUG_INFO = NO;
				SDKROOT = iphoneos;
				SWIFT_COMPILATION_MODE = wholemodule;
				SWIFT_OPTIMIZATION_LEVEL = "-O";
				VALIDATE_PRODUCT = YES;
			};
			name = Release;
		};
		8C5507B320DDC28800E8776C /* Debug */ = {
			isa = XCBuildConfiguration;
			baseConfigurationReference = 299A554749B601E3149C29EE /* Pods-AwesomeNewsApp.debug.xcconfig */;
			buildSettings = {
				ASSETCATALOG_COMPILER_APPICON_NAME = AppIcon;
				CODE_SIGN_ENTITLEMENTS = AwesomeNewsApp/AwesomeNewsApp.entitlements;
				CODE_SIGN_STYLE = Automatic;
				DEVELOPMENT_TEAM = K2QJU8A9HC;
				INFOPLIST_FILE = AwesomeNewsApp/SupportingFiles/Info.plist;
				IPHONEOS_DEPLOYMENT_TARGET = 9.0;
				LD_RUNPATH_SEARCH_PATHS = (
					"$(inherited)",
					"@executable_path/Frameworks",
				);
				PRODUCT_BUNDLE_IDENTIFIER = com.dym.AwesomeNewsApp;
				PRODUCT_NAME = "$(TARGET_NAME)";
				SWIFT_VERSION = 4.0;
				TARGETED_DEVICE_FAMILY = "1,2";
			};
			name = Debug;
		};
		8C5507B420DDC28800E8776C /* Release */ = {
			isa = XCBuildConfiguration;
			baseConfigurationReference = 6534B4446C2E454F0D74DF56 /* Pods-AwesomeNewsApp.release.xcconfig */;
			buildSettings = {
				ASSETCATALOG_COMPILER_APPICON_NAME = AppIcon;
				CODE_SIGN_ENTITLEMENTS = AwesomeNewsApp/AwesomeNewsApp.entitlements;
				CODE_SIGN_STYLE = Automatic;
				DEVELOPMENT_TEAM = K2QJU8A9HC;
				INFOPLIST_FILE = AwesomeNewsApp/SupportingFiles/Info.plist;
				IPHONEOS_DEPLOYMENT_TARGET = 9.0;
				LD_RUNPATH_SEARCH_PATHS = (
					"$(inherited)",
					"@executable_path/Frameworks",
				);
				PRODUCT_BUNDLE_IDENTIFIER = com.dym.AwesomeNewsApp;
				PRODUCT_NAME = "$(TARGET_NAME)";
				SWIFT_VERSION = 4.0;
				TARGETED_DEVICE_FAMILY = "1,2";
			};
			name = Release;
		};
		8C5507B620DDC28800E8776C /* Debug */ = {
			isa = XCBuildConfiguration;
			baseConfigurationReference = EA26B3352FED2EE67967F4D8 /* Pods-AwesomeNewsAppTests.debug.xcconfig */;
			buildSettings = {
				ALWAYS_EMBED_SWIFT_STANDARD_LIBRARIES = YES;
				BUNDLE_LOADER = "$(TEST_HOST)";
				CODE_SIGN_STYLE = Automatic;
				DEVELOPMENT_TEAM = 8MWQU2YKZK;
				INFOPLIST_FILE = AwesomeNewsAppTests/Info.plist;
				LD_RUNPATH_SEARCH_PATHS = (
					"$(inherited)",
					"@executable_path/Frameworks",
					"@loader_path/Frameworks",
				);
				PRODUCT_BUNDLE_IDENTIFIER = com.dym.AwesomeNewsAppTests;
				PRODUCT_NAME = "$(TARGET_NAME)";
				SWIFT_VERSION = 4.0;
				TARGETED_DEVICE_FAMILY = "1,2";
				TEST_HOST = "$(BUILT_PRODUCTS_DIR)/AwesomeNewsApp.app/AwesomeNewsApp";
			};
			name = Debug;
		};
		8C5507B720DDC28800E8776C /* Release */ = {
			isa = XCBuildConfiguration;
			baseConfigurationReference = 92D0728D7FC5564FB13DA4CA /* Pods-AwesomeNewsAppTests.release.xcconfig */;
			buildSettings = {
				ALWAYS_EMBED_SWIFT_STANDARD_LIBRARIES = YES;
				BUNDLE_LOADER = "$(TEST_HOST)";
				CODE_SIGN_STYLE = Automatic;
				DEVELOPMENT_TEAM = 8MWQU2YKZK;
				INFOPLIST_FILE = AwesomeNewsAppTests/Info.plist;
				LD_RUNPATH_SEARCH_PATHS = (
					"$(inherited)",
					"@executable_path/Frameworks",
					"@loader_path/Frameworks",
				);
				PRODUCT_BUNDLE_IDENTIFIER = com.dym.AwesomeNewsAppTests;
				PRODUCT_NAME = "$(TARGET_NAME)";
				SWIFT_VERSION = 4.0;
				TARGETED_DEVICE_FAMILY = "1,2";
				TEST_HOST = "$(BUILT_PRODUCTS_DIR)/AwesomeNewsApp.app/AwesomeNewsApp";
			};
			name = Release;
		};
		8C5507B920DDC28800E8776C /* Debug */ = {
			isa = XCBuildConfiguration;
			buildSettings = {
				ALWAYS_EMBED_SWIFT_STANDARD_LIBRARIES = YES;
				CODE_SIGN_STYLE = Automatic;
				DEVELOPMENT_TEAM = 8MWQU2YKZK;
				INFOPLIST_FILE = AwesomeNewsAppUITests/Info.plist;
				LD_RUNPATH_SEARCH_PATHS = (
					"$(inherited)",
					"@executable_path/Frameworks",
					"@loader_path/Frameworks",
				);
				PRODUCT_BUNDLE_IDENTIFIER = com.dym.AwesomeNewsAppUITests;
				PRODUCT_NAME = "$(TARGET_NAME)";
				SWIFT_VERSION = 4.0;
				TARGETED_DEVICE_FAMILY = "1,2";
				TEST_TARGET_NAME = AwesomeNewsApp;
			};
			name = Debug;
		};
		8C5507BA20DDC28800E8776C /* Release */ = {
			isa = XCBuildConfiguration;
			buildSettings = {
				ALWAYS_EMBED_SWIFT_STANDARD_LIBRARIES = YES;
				CODE_SIGN_STYLE = Automatic;
				DEVELOPMENT_TEAM = 8MWQU2YKZK;
				INFOPLIST_FILE = AwesomeNewsAppUITests/Info.plist;
				LD_RUNPATH_SEARCH_PATHS = (
					"$(inherited)",
					"@executable_path/Frameworks",
					"@loader_path/Frameworks",
				);
				PRODUCT_BUNDLE_IDENTIFIER = com.dym.AwesomeNewsAppUITests;
				PRODUCT_NAME = "$(TARGET_NAME)";
				SWIFT_VERSION = 4.0;
				TARGETED_DEVICE_FAMILY = "1,2";
				TEST_TARGET_NAME = AwesomeNewsApp;
			};
			name = Release;
		};
/* End XCBuildConfiguration section */

/* Begin XCConfigurationList section */
		8C55078520DDC28700E8776C /* Build configuration list for PBXProject "AwesomeNewsApp" */ = {
			isa = XCConfigurationList;
			buildConfigurations = (
				8C5507B020DDC28800E8776C /* Debug */,
				8C5507B120DDC28800E8776C /* Release */,
			);
			defaultConfigurationIsVisible = 0;
			defaultConfigurationName = Release;
		};
		8C5507B220DDC28800E8776C /* Build configuration list for PBXNativeTarget "AwesomeNewsApp" */ = {
			isa = XCConfigurationList;
			buildConfigurations = (
				8C5507B320DDC28800E8776C /* Debug */,
				8C5507B420DDC28800E8776C /* Release */,
			);
			defaultConfigurationIsVisible = 0;
			defaultConfigurationName = Release;
		};
		8C5507B520DDC28800E8776C /* Build configuration list for PBXNativeTarget "AwesomeNewsAppTests" */ = {
			isa = XCConfigurationList;
			buildConfigurations = (
				8C5507B620DDC28800E8776C /* Debug */,
				8C5507B720DDC28800E8776C /* Release */,
			);
			defaultConfigurationIsVisible = 0;
			defaultConfigurationName = Release;
		};
		8C5507B820DDC28800E8776C /* Build configuration list for PBXNativeTarget "AwesomeNewsAppUITests" */ = {
			isa = XCConfigurationList;
			buildConfigurations = (
				8C5507B920DDC28800E8776C /* Debug */,
				8C5507BA20DDC28800E8776C /* Release */,
			);
			defaultConfigurationIsVisible = 0;
			defaultConfigurationName = Release;
		};
/* End XCConfigurationList section */
	};
	rootObject = 8C55078220DDC28700E8776C /* Project object */;
}
